
Microsoft Visual Studio Solution File, Format Version 12.00
# Visual Studio Version 17
VisualStudioVersion = 17.2.32526.322
MinimumVisualStudioVersion = 10.0.40219.1
Project("{9A19103F-16F7-4668-BE54-9A1E7A4F7556}") = "WDC.Engine", "WDC.Engine\WDC.Engine.csproj", "{A26CC6EC-9724-4040-B725-F9F1F63BA2A0}"
EndProject
Project("{9A19103F-16F7-4668-BE54-9A1E7A4F7556}") = "WardeclarerScript", "WDC.Scripts\WardeclarerScript\WardeclarerScript.csproj", "{A2C2D6F6-F542-4CEC-B9BB-645044AA3531}"
EndProject
Project("{9A19103F-16F7-4668-BE54-9A1E7A4F7556}") = "GarbageClassificationScript", "WDC.Scripts\GarbageClassificationScript\GarbageClassificationScript.csproj", "{3E9BCDAB-83D8-4FD0-81DC-FC7F0F140BED}"
EndProject
Project("{9A19103F-16F7-4668-BE54-9A1E7A4F7556}") = "WDC.Launcher", "WDC.Launcher\WDC.Launcher.csproj", "{A95AF84B-8CA9-4E3C-A31A-44F3BDFACC4A}"
EndProject
Project("{9A19103F-16F7-4668-BE54-9A1E7A4F7556}") = "DefendCastleScript", "WDC.Scripts\DefendCastleScript\DefendCastleScript.csproj", "{E1321FC2-910E-407A-A639-8312B6B5FF52}"
EndProject
Project("{2150E333-8FDC-42A3-9474-1A3956D46DE8}") = "WDCScripts", "WDCScripts", "{A7096D82-89E8-4AA7-8505-FB5A3212AAFE}"
EndProject
Global
	GlobalSection(SolutionConfigurationPlatforms) = preSolution
		Debug|Any CPU = Debug|Any CPU
		Release|Any CPU = Release|Any CPU
	EndGlobalSection
	GlobalSection(ProjectConfigurationPlatforms) = postSolution
		{A26CC6EC-9724-4040-B725-F9F1F63BA2A0}.Debug|Any CPU.ActiveCfg = Debug|Any CPU
		{A26CC6EC-9724-4040-B725-F9F1F63BA2A0}.Debug|Any CPU.Build.0 = Debug|Any CPU
		{A26CC6EC-9724-4040-B725-F9F1F63BA2A0}.Release|Any CPU.ActiveCfg = Release|Any CPU
		{A26CC6EC-9724-4040-B725-F9F1F63BA2A0}.Release|Any CPU.Build.0 = Release|Any CPU
		{A2C2D6F6-F542-4CEC-B9BB-645044AA3531}.Debug|Any CPU.ActiveCfg = Debug|Any CPU
		{A2C2D6F6-F542-4CEC-B9BB-645044AA3531}.Debug|Any CPU.Build.0 = Debug|Any CPU
		{A2C2D6F6-F542-4CEC-B9BB-645044AA3531}.Release|Any CPU.ActiveCfg = Release|Any CPU
		{A2C2D6F6-F542-4CEC-B9BB-645044AA3531}.Release|Any CPU.Build.0 = Release|Any CPU
		{3E9BCDAB-83D8-4FD0-81DC-FC7F0F140BED}.Debug|Any CPU.ActiveCfg = Debug|Any CPU
		{3E9BCDAB-83D8-4FD0-81DC-FC7F0F140BED}.Debug|Any CPU.Build.0 = Debug|Any CPU
		{3E9BCDAB-83D8-4FD0-81DC-FC7F0F140BED}.Release|Any CPU.ActiveCfg = Release|Any CPU
		{3E9BCDAB-83D8-4FD0-81DC-FC7F0F140BED}.Release|Any CPU.Build.0 = Release|Any CPU
		{A95AF84B-8CA9-4E3C-A31A-44F3BDFACC4A}.Debug|Any CPU.ActiveCfg = Debug|Any CPU
		{A95AF84B-8CA9-4E3C-A31A-44F3BDFACC4A}.Debug|Any CPU.Build.0 = Debug|Any CPU
		{A95AF84B-8CA9-4E3C-A31A-44F3BDFACC4A}.Release|Any CPU.ActiveCfg = Release|Any CPU
		{A95AF84B-8CA9-4E3C-A31A-44F3BDFACC4A}.Release|Any CPU.Build.0 = Release|Any CPU
		{E1321FC2-910E-407A-A639-8312B6B5FF52}.Debug|Any CPU.ActiveCfg = Debug|Any CPU
		{E1321FC2-910E-407A-A639-8312B6B5FF52}.Debug|Any CPU.Build.0 = Debug|Any CPU
		{E1321FC2-910E-407A-A639-8312B6B5FF52}.Release|Any CPU.ActiveCfg = Release|Any CPU
		{E1321FC2-910E-407A-A639-8312B6B5FF52}.Release|Any CPU.Build.0 = Release|Any CPU
	EndGlobalSection
	GlobalSection(SolutionProperties) = preSolution
		HideSolutionNode = FALSE
	EndGlobalSection
	GlobalSection(NestedProjects) = preSolution
		{A2C2D6F6-F542-4CEC-B9BB-645044AA3531} = {A7096D82-89E8-4AA7-8505-FB5A3212AAFE}
		{3E9BCDAB-83D8-4FD0-81DC-FC7F0F140BED} = {A7096D82-89E8-4AA7-8505-FB5A3212AAFE}
		{E1321FC2-910E-407A-A639-8312B6B5FF52} = {A7096D82-89E8-4AA7-8505-FB5A3212AAFE}
	EndGlobalSection
	GlobalSection(ExtensibilityGlobals) = postSolution
		SolutionGuid = {DF2DC172-BED7-436C-A6B9-5A93F8F33C6F}
	EndGlobalSection
EndGlobal
